{"1.2.0",
[{<<"certifi">>,{pkg,<<"certifi">>,<<"2.17.0">>},2},
 {<<"cowboy">>,
  {git,"https://github.com/ninenines/cowboy.git",
       {ref,"702edc6d756952851dad63018f80dbbc7ac8c08c"}},
  1},
 {<<"cowlib">>,
  {git,"https://github.com/ninenines/cowlib",
       {ref,"ae75c4dd7bdeb45eeab92e373549398a12cecf3b"}},
  2},
 {<<"goldrush">>,{pkg,<<"goldrush">>,<<"0.1.9">>},2},
 {<<"gproc">>,
  {git,"https://github.com/uwiger/gproc.git",
       {ref,"517e26d6a93af1b8335e8f3e282e4f19d184fe14"}},
  1},
 {<<"h2">>,{pkg,<<"h2">>,<<"0.10.4">>},2},
 {<<"hackney">>,
  {git,"https://github.com/benoitc/hackney.git",
       {ref,"d5051db04e290224d92341d84a10589fce782993"}},
  1},
 {<<"idna">>,{pkg,<<"idna">>,<<"7.1.0">>},2},
 {<<"lager">>,
  {git,"https://github.com/erlang-lager/lager.git",
       {ref,"e6b31784e65b838a10d0a533f4b838da8029e402"}},
  1},
 {<<"meck">>,{pkg,<<"meck">>,<<"1.2.0">>},1},
 {<<"mimerl">>,{pkg,<<"mimerl">>,<<"1.5.0">>},2},
 {<<"parse_trans">>,{pkg,<<"parse_trans">>,<<"3.4.2">>},2},
 {<<"proper">>,
  {git,"https://github.com/proper-testing/proper.git",
       {ref,"21de022438cb57a04cbcf0f3e5b40bb846598daa"}},
  1},
 {<<"quic">>,{pkg,<<"quic">>,<<"1.7.0">>},2},
 {<<"ranch">>,
  {git,"https://github.com/ninenines/ranch.git",
       {ref,"514c18aff7a52bc855c2bf7ee842e6e0c341be96"}},
  1},
 {<<"ssl_verify_fun">>,{pkg,<<"ssl_verify_fun">>,<<"1.1.7">>},2},
 {<<"webtransport">>,{pkg,<<"webtransport">>,<<"0.4.3">>},2}]}.
[
{pkg_hash,[
 {<<"meck">>, <<"2464ADDD7E7EC42F4FA6D423FFD76BC97DB577F93792FA5B155D2B124FF8B00D">>},
 {<<"certifi">>, <<"835748414307E15E05B17D0E518190228CE648B08D569A5CC93A85A40F3E5C9B">>},
 {<<"goldrush">>, <<"F06E5D5F1277DA5C413E84D5A2924174182FB108DABB39D5EC548B27424CD106">>},
 {<<"h2">>, <<"31EF580056E19977B6542EEA2718AA19A45841205CD82CD48535DD7683CAEA4C">>},
 {<<"idna">>, <<"1067A13043538129602D2F2CE6899D8713125C7D19734AA557CE2E3EA55BD4F1">>},
 {<<"mimerl">>, <<"F35ACA6F23242339B3666E0AC0702379E362B469D0AEA167F6CC713547E777ED">>},
 {<<"parse_trans">>, <<"C352DDC1A0D5E54F9B1654D45F9C432EEF76F9CEA371C55DDFF769EF688FDB74">>},
 {<<"quic">>, <<"EBCF105FB16CA4D954C3BBD2E5BCDA7650074F3E3A9CA80135DBEE2607E0C27E">>},
 {<<"ssl_verify_fun">>, <<"354C321CF377240C7B8716899E182CE4890C5938111A1296ADD3EC74CF1715DF">>},
 {<<"webtransport">>, <<"DF0C53DA138CDC5F3390A31EF612CAA3A041C23E18C1A0B6FBD4D72743277806">>}]},
{pkg_hash_ext,[
 {<<"meck">>, <<"A2CFD08306EF4992DB7CD2AA3521B797456ABEC9F562F3F0341633052DEE4AF9">>},
 {<<"certifi">>, <<"8122798A17F0293C80DAADA25D0F81C7F4D708C73FEF782C7C9B1950E26E4D21">>},
 {<<"goldrush">>, <<"99CB4128CFFCB3227581E5D4D803D5413FA643F4EB96523F77D9E6937D994CEB">>},
 {<<"h2">>, <<"8350920AC7C259FB759A2830D3CE0DD248C48422A031D1760BEBDD2020FA30A9">>},
 {<<"idna">>, <<"6AE959A025BF36DF61A8CAB8508D9654891B5426A84C44D82DEAFFD6DDF8C71F">>},
 {<<"mimerl">>, <<"DB648CE065BAE14EA84CA8B5DD123F42F49417CEF693541110BF6F9E9BE9ECC4">>},
 {<<"parse_trans">>, <<"4C25347DE3B7C35732D32E69AB43D1CEEE0BEAE3F3B3ADE1B59CBD3DD224D9CA">>},
 {<<"quic">>, <<"D0D304E5FDA48754A570B90B103153F780F9926C15F6EABFE1B343E4F61E32DF">>},
 {<<"ssl_verify_fun">>, <<"FE4C190E8F37401D30167C8C405EDA19469F34577987C76DDE613E838BBC67F8">>},
 {<<"webtransport">>, <<"3AE8C76696CDB56BEE3CAF1DD853A0A596339886468CA17C578A9BFD647DAB9D">>}]}
].
